{
  "originHash" : "a899faa7534c77c914e8d7673b229d08e351249cea04d72362e3a047bc9a7ab9",
  "pins" : [
    {
      "identity" : "alamofire",
      "kind" : "remoteSourceControl",
      "location" : "https://github.com/Alamofire/Alamofire.git",
      "state" : {
        "revision" : "513364f870f6bfc468f9d2ff0a95caccc10044c5",
        "version" : "5.10.2"
      }
    },
    {
      "identity" : "moya",
      "kind" : "remoteSourceControl",
      "location" : "git@code.sohuno.com:mptctvadopen/Moya.git",
      "state" : {
        "revision" : "5f7200bc6d74a5d704a61cf3282e9de8d1f4ceb3",
        "version" : "15.0.3"
      }
    },
    {
      "identity" : "reactiveswift",
      "kind" : "remoteSourceControl",
      "location" : "https://github.com/ReactiveCocoa/ReactiveSwift.git",
      "state" : {
        "revision" : "c43bae3dac73fdd3cb906bd5a1914686ca71ed3c",
        "version" : "6.7.0"
      }
    },
    {
      "identity" : "rxswift",
      "kind" : "remoteSourceControl",
      "location" : "https://github.com/ReactiveX/RxSwift.git",
      "state" : {
        "revision" : "5dd1907d64f0d36f158f61a466bab75067224893",
        "version" : "6.9.0"
      }
    }
  ],
  "version" : 3
}
